
Microsoft Visual Studio Solution File, Format Version 12.00
# Visual Studio Version 17
VisualStudioVersion = 17.0.32112.339
MinimumVisualStudioVersion = 10.0.40219.1
Project("{FAE04EC0-301F-11D3-BF4B-00C04F79EFBC}") = "WindowsFormsApp1", "WindowsFormsApp1\WindowsFormsApp1.csproj", "{0AF1BB4F-C958-46CA-8364-EFE1B74617E1}"
EndProject
Project("{2150E333-8FDC-42A3-9474-1A3956D46DE8}") = "Solution Items", "Solution Items", "{757FE208-4FE1-4D2F-8444-2B41D08CC3BF}"
	ProjectSection(SolutionItems) = preProject
		.gitignore = .gitignore
	EndProjectSection
EndProject
Global
	GlobalSection(SolutionConfigurationPlatforms) = preSolution
		Debug|Any CPU = Debug|Any CPU
		Release|Any CPU = Release|Any CPU
	EndGlobalSection
	GlobalSection(ProjectConfigurationPlatforms) = postSolution
		{0AF1BB4F-C958-46CA-8364-EFE1B74617E1}.Debug|Any CPU.ActiveCfg = Debug|Any CPU
		{0AF1BB4F-C958-46CA-8364-EFE1B74617E1}.Debug|Any CPU.Build.0 = Debug|Any CPU
		{0AF1BB4F-C958-46CA-8364-EFE1B74617E1}.Release|Any CPU.ActiveCfg = Release|Any CPU
		{0AF1BB4F-C958-46CA-8364-EFE1B74617E1}.Release|Any CPU.Build.0 = Release|Any CPU
	EndGlobalSection
	GlobalSection(SolutionProperties) = preSolution
		HideSolutionNode = FALSE
	EndGlobalSection
	GlobalSection(ExtensibilityGlobals) = postSolution
		SolutionGuid = {B21975CE-DE56-4B7A-93DF-FA0C481D0585}
	EndGlobalSection
EndGlobal
